
Microsoft Visual Studio Solution File, Format Version 12.00
# Visual Studio Version 17
VisualStudioVersion = 17.11.35327.3
MinimumVisualStudioVersion = 10.0.40219.1
Project("{9A19103F-16F7-4668-BE54-9A1E7A4F7556}") = "Finance.Application", "Finance.Application\Finance.Application.csproj", "{6420D47E-C69C-464E-8703-49D13A07A250}"
EndProject
Project("{9A19103F-16F7-4668-BE54-9A1E7A4F7556}") = "Finance.Domain", "Finance.Domain\Finance.Domain.csproj", "{51DE1369-39BC-4996-A1B7-FAE8A08E212C}"
EndProject
Project("{9A19103F-16F7-4668-BE54-9A1E7A4F7556}") = "Finance.Infrastructure", "Finance.Infrastructure\Finance.Infrastructure.csproj", "{F96252F7-EA4F-4F5D-9099-456C9AB474D9}"
EndProject
Project("{9A19103F-16F7-4668-BE54-9A1E7A4F7556}") = "Finance.API", "Finance.API\Finance.API.csproj", "{CB390E6B-8444-48D4-9DD0-A325CE33E979}"
EndProject
Project("{9A19103F-16F7-4668-BE54-9A1E7A4F7556}") = "Finance.ReportGenerator", "Finance.ReportGenerator\Finance.ReportGenerator.csproj", "{D91F4CF7-6F87-4B28-80E6-BBFEC6C8A379}"
EndProject
Project("{FAE04EC0-301F-11D3-BF4B-00C04F79EFBC}") = "Finance.Tests", "Finance.Tests\Finance.Tests.csproj", "{497F0A42-6AD4-4187-8944-70FE1236E148}"
EndProject
Global
	GlobalSection(SolutionConfigurationPlatforms) = preSolution
		Debug|Any CPU = Debug|Any CPU
		Release|Any CPU = Release|Any CPU
	EndGlobalSection
	GlobalSection(ProjectConfigurationPlatforms) = postSolution
		{6420D47E-C69C-464E-8703-49D13A07A250}.Debug|Any CPU.ActiveCfg = Debug|Any CPU
		{6420D47E-C69C-464E-8703-49D13A07A250}.Debug|Any CPU.Build.0 = Debug|Any CPU
		{6420D47E-C69C-464E-8703-49D13A07A250}.Release|Any CPU.ActiveCfg = Release|Any CPU
		{6420D47E-C69C-464E-8703-49D13A07A250}.Release|Any CPU.Build.0 = Release|Any CPU
		{51DE1369-39BC-4996-A1B7-FAE8A08E212C}.Debug|Any CPU.ActiveCfg = Debug|Any CPU
		{51DE1369-39BC-4996-A1B7-FAE8A08E212C}.Debug|Any CPU.Build.0 = Debug|Any CPU
		{51DE1369-39BC-4996-A1B7-FAE8A08E212C}.Release|Any CPU.ActiveCfg = Release|Any CPU
		{51DE1369-39BC-4996-A1B7-FAE8A08E212C}.Release|Any CPU.Build.0 = Release|Any CPU
		{F96252F7-EA4F-4F5D-9099-456C9AB474D9}.Debug|Any CPU.ActiveCfg = Debug|Any CPU
		{F96252F7-EA4F-4F5D-9099-456C9AB474D9}.Debug|Any CPU.Build.0 = Debug|Any CPU
		{F96252F7-EA4F-4F5D-9099-456C9AB474D9}.Release|Any CPU.ActiveCfg = Release|Any CPU
		{F96252F7-EA4F-4F5D-9099-456C9AB474D9}.Release|Any CPU.Build.0 = Release|Any CPU
		{CB390E6B-8444-48D4-9DD0-A325CE33E979}.Debug|Any CPU.ActiveCfg = Debug|Any CPU
		{CB390E6B-8444-48D4-9DD0-A325CE33E979}.Debug|Any CPU.Build.0 = Debug|Any CPU
		{CB390E6B-8444-48D4-9DD0-A325CE33E979}.Release|Any CPU.ActiveCfg = Release|Any CPU
		{CB390E6B-8444-48D4-9DD0-A325CE33E979}.Release|Any CPU.Build.0 = Release|Any CPU
		{D91F4CF7-6F87-4B28-80E6-BBFEC6C8A379}.Debug|Any CPU.ActiveCfg = Debug|Any CPU
		{D91F4CF7-6F87-4B28-80E6-BBFEC6C8A379}.Debug|Any CPU.Build.0 = Debug|Any CPU
		{D91F4CF7-6F87-4B28-80E6-BBFEC6C8A379}.Release|Any CPU.ActiveCfg = Release|Any CPU
		{D91F4CF7-6F87-4B28-80E6-BBFEC6C8A379}.Release|Any CPU.Build.0 = Release|Any CPU
		{497F0A42-6AD4-4187-8944-70FE1236E148}.Debug|Any CPU.ActiveCfg = Debug|Any CPU
		{497F0A42-6AD4-4187-8944-70FE1236E148}.Debug|Any CPU.Build.0 = Debug|Any CPU
		{497F0A42-6AD4-4187-8944-70FE1236E148}.Release|Any CPU.ActiveCfg = Release|Any CPU
		{497F0A42-6AD4-4187-8944-70FE1236E148}.Release|Any CPU.Build.0 = Release|Any CPU
	EndGlobalSection
	GlobalSection(SolutionProperties) = preSolution
		HideSolutionNode = FALSE
	EndGlobalSection
	GlobalSection(ExtensibilityGlobals) = postSolution
		SolutionGuid = {52F600F6-9B8E-4CCB-8B27-ADFB9D40DA9D}
	EndGlobalSection
EndGlobal
